<?xml version="1.0" encoding="utf-8"?>
<Project ToolsVersion="4.0" xmlns="http://schemas.microsoft.com/developer/msbuild/2003">
  <ItemGroup>
    <Filter Include="Source Files">
      <UniqueIdentifier>{4FC737F1-C7A5-4376-A066-2A32D752A2FF}</UniqueIdentifier>
      <Extensions>cpp;c;cc;cxx;def;odl;idl;hpj;bat;asm;asmx</Extensions>
    </Filter>
    <Filter Include="Header Files">
      <UniqueIdentifier>{93995380-89BD-4b04-88EB-625FBE52EBFB}</UniqueIdentifier>
      <Extensions>h;hpp;hxx;hm;inl;inc;xsd</Extensions>
    </Filter>
  </ItemGroup>
  <ItemGroup>
    <ClCompile Include="src\admin_rights.cpp">
      <Filter>Source Files</Filter>
    </ClCompile>
    <ClCompile Include="src\algorithm.cpp">
      <Filter>Source Files</Filter>
    </ClCompile>
    <ClCompile Include="services\CookieService.cpp">
      <Filter>Source Files</Filter>
    </ClCompile>
    <ClCompile Include="services\EchoService.cpp">
      <Filter>Source Files</Filter>
    </ClCompile>
    <ClCompile Include="services\FileService.cpp">
      <Filter>Source Files</Filter>
    </ClCompile>
    <ClCompile Include="services\HelloService.cpp">
      <Filter>Source Files</Filter>
    </ClCompile>
    <ClCompile Include="src\http_auth.cpp">
      <Filter>Source Files</Filter>
    </ClCompile>
    <ClCompile Include="src\http_basic_auth.cpp">
      <Filter>Source Files</Filter>
    </ClCompile>
    <ClCompile Include="src\http_cookie_auth.cpp">
      <Filter>Source Files</Filter>
    </ClCompile>
    <ClCompile Include="src\http_message.cpp">
      <Filter>Source Files</Filter>
    </ClCompile>
    <ClCompile Include="src\http_parser.cpp">
      <Filter>Source Files</Filter>
    </ClCompile>
    <ClCompile Include="src\http_plugin_server.cpp">
      <Filter>Source Files</Filter>
    </ClCompile>
    <ClCompile Include="src\http_reader.cpp">
      <Filter>Source Files</Filter>
    </ClCompile>
    <ClCompile Include="src\http_server.cpp">
      <Filter>Source Files</Filter>
    </ClCompile>
    <ClCompile Include="src\http_types.cpp">
      <Filter>Source Files</Filter>
    </ClCompile>
    <ClCompile Include="src\http_writer.cpp">
      <Filter>Source Files</Filter>
    </ClCompile>
    <ClCompile Include="src\logger.cpp">
      <Filter>Source Files</Filter>
    </ClCompile>
    <ClCompile Include="src\plugin.cpp">
      <Filter>Source Files</Filter>
    </ClCompile>
    <ClCompile Include="src\process.cpp">
      <Filter>Source Files</Filter>
    </ClCompile>
    <ClCompile Include="src\scheduler.cpp">
      <Filter>Source Files</Filter>
    </ClCompile>
    <ClCompile Include="src\spdy_decompressor.cpp">
      <Filter>Source Files</Filter>
    </ClCompile>
    <ClCompile Include="src\spdy_parser.cpp">
      <Filter>Source Files</Filter>
    </ClCompile>
    <ClCompile Include="src\tcp_server.cpp">
      <Filter>Source Files</Filter>
    </ClCompile>
    <ClCompile Include="src\tcp_timer.cpp">
      <Filter>Source Files</Filter>
    </ClCompile>
    <ClCompile Include="services\AllowNothingService.cpp">
      <Filter>Source Files</Filter>
    </ClCompile>
    <ClCompile Include="services\LogService.cpp">
      <Filter>Source Files</Filter>
    </ClCompile>
  </ItemGroup>
  <ItemGroup>
    <ClInclude Include="include\pion\admin_rights.hpp">
      <Filter>Header Files</Filter>
    </ClInclude>
    <ClInclude Include="include\pion\algorithm.hpp">
      <Filter>Header Files</Filter>
    </ClInclude>
    <ClInclude Include="include\pion\http\auth.hpp">
      <Filter>Header Files</Filter>
    </ClInclude>
    <ClInclude Include="include\pion\http\basic_auth.hpp">
      <Filter>Header Files</Filter>
    </ClInclude>
    <ClInclude Include="include\pion\config.hpp">
      <Filter>Header Files</Filter>
    </ClInclude>
    <ClInclude Include="include\pion\tcp\connection.hpp">
      <Filter>Header Files</Filter>
    </ClInclude>
    <ClInclude Include="include\pion\http\cookie_auth.hpp">
      <Filter>Header Files</Filter>
    </ClInclude>
    <ClInclude Include="services\CookieService.hpp">
      <Filter>Header Files</Filter>
    </ClInclude>
    <ClInclude Include="include\pion\spdy\decompressor.hpp">
      <Filter>Header Files</Filter>
    </ClInclude>
    <ClInclude Include="services\EchoService.hpp">
      <Filter>Header Files</Filter>
    </ClInclude>
    <ClInclude Include="include\pion\error.hpp">
      <Filter>Header Files</Filter>
    </ClInclude>
    <ClInclude Include="services\FileService.hpp">
      <Filter>Header Files</Filter>
    </ClInclude>
    <ClInclude Include="include\pion\hash_map.hpp">
      <Filter>Header Files</Filter>
    </ClInclude>
    <ClInclude Include="services\HelloService.hpp">
      <Filter>Header Files</Filter>
    </ClInclude>
    <ClInclude Include="include\pion\logger.hpp">
      <Filter>Header Files</Filter>
    </ClInclude>
    <ClInclude Include="include\pion\http\message.hpp">
      <Filter>Header Files</Filter>
    </ClInclude>
    <ClInclude Include="include\pion\spdy\parser.hpp">
      <Filter>Header Files</Filter>
    </ClInclude>
    <ClInclude Include="include\pion\http\parser.hpp">
      <Filter>Header Files</Filter>
    </ClInclude>
    <ClInclude Include="include\pion\plugin.hpp">
      <Filter>Header Files</Filter>
    </ClInclude>
    <ClInclude Include="include\pion\plugin_manager.hpp">
      <Filter>Header Files</Filter>
    </ClInclude>
    <ClInclude Include="include\pion\http\plugin_server.hpp">
      <Filter>Header Files</Filter>
    </ClInclude>
    <ClInclude Include="include\pion\http\plugin_service.hpp">
      <Filter>Header Files</Filter>
    </ClInclude>
    <ClInclude Include="include\pion\process.hpp">
      <Filter>Header Files</Filter>
    </ClInclude>
    <ClInclude Include="include\pion\http\reader.hpp">
      <Filter>Header Files</Filter>
    </ClInclude>
    <ClInclude Include="include\pion\http\request.hpp">
      <Filter>Header Files</Filter>
    </ClInclude>
    <ClInclude Include="include\pion\http\request_reader.hpp">
      <Filter>Header Files</Filter>
    </ClInclude>
    <ClInclude Include="include\pion\http\request_writer.hpp">
      <Filter>Header Files</Filter>
    </ClInclude>
    <ClInclude Include="include\pion\http\response.hpp">
      <Filter>Header Files</Filter>
    </ClInclude>
    <ClInclude Include="include\pion\http\response_reader.hpp">
      <Filter>Header Files</Filter>
    </ClInclude>
    <ClInclude Include="include\pion\http\response_writer.hpp">
      <Filter>Header Files</Filter>
    </ClInclude>
    <ClInclude Include="include\pion\scheduler.hpp">
      <Filter>Header Files</Filter>
    </ClInclude>
    <ClInclude Include="include\pion\tcp\server.hpp">
      <Filter>Header Files</Filter>
    </ClInclude>
    <ClInclude Include="include\pion\http\server.hpp">
      <Filter>Header Files</Filter>
    </ClInclude>
    <ClInclude Include="include\pion\tcp\stream.hpp">
      <Filter>Header Files</Filter>
    </ClInclude>
    <ClInclude Include="include\pion\tcp\timer.hpp">
      <Filter>Header Files</Filter>
    </ClInclude>
    <ClInclude Include="include\pion\spdy\types.hpp">
      <Filter>Header Files</Filter>
    </ClInclude>
    <ClInclude Include="include\pion\http\types.hpp">
      <Filter>Header Files</Filter>
    </ClInclude>
    <ClInclude Include="include\pion\user.hpp">
      <Filter>Header Files</Filter>
    </ClInclude>
    <ClInclude Include="include\pion\http\writer.hpp">
      <Filter>Header Files</Filter>
    </ClInclude>
    <ClInclude Include="include\pion\test\unit_test.hpp">
      <Filter>Header Files</Filter>
    </ClInclude>
    <ClInclude Include="services\AllowNothingService.hpp">
      <Filter>Header Files</Filter>
    </ClInclude>
    <ClInclude Include="services\LogService.hpp">
      <Filter>Header Files</Filter>
    </ClInclude>
    <ClInclude Include="include\pion\http\http_connection.hpp">
      <Filter>Header Files</Filter>
    </ClInclude>
    <ClInclude Include="include\websocketpp\base64\base64.hpp">
      <Filter>Header Files</Filter>
    </ClInclude>
    <ClInclude Include="include\websocketpp\common\asio.hpp">
      <Filter>Header Files</Filter>
    </ClInclude>
    <ClInclude Include="include\websocketpp\common\asio_ssl.hpp">
      <Filter>Header Files</Filter>
    </ClInclude>
    <ClInclude Include="include\websocketpp\common\chrono.hpp">
      <Filter>Header Files</Filter>
    </ClInclude>
    <ClInclude Include="include\websocketpp\common\connection_hdl.hpp">
      <Filter>Header Files</Filter>
    </ClInclude>
    <ClInclude Include="include\websocketpp\common\cpp11.hpp">
      <Filter>Header Files</Filter>
    </ClInclude>
    <ClInclude Include="include\websocketpp\common\functional.hpp">
      <Filter>Header Files</Filter>
    </ClInclude>
    <ClInclude Include="include\websocketpp\common\md5.hpp">
      <Filter>Header Files</Filter>
    </ClInclude>
    <ClInclude Include="include\websocketpp\common\memory.hpp">
      <Filter>Header Files</Filter>
    </ClInclude>
    <ClInclude Include="include\websocketpp\common\network.hpp">
      <Filter>Header Files</Filter>
    </ClInclude>
    <ClInclude Include="include\websocketpp\common\platforms.hpp">
      <Filter>Header Files</Filter>
    </ClInclude>
    <ClInclude Include="include\websocketpp\common\random.hpp">
      <Filter>Header Files</Filter>
    </ClInclude>
    <ClInclude Include="include\websocketpp\common\regex.hpp">
      <Filter>Header Files</Filter>
    </ClInclude>
    <ClInclude Include="include\websocketpp\common\stdint.hpp">
      <Filter>Header Files</Filter>
    </ClInclude>
    <ClInclude Include="include\websocketpp\common\system_error.hpp">
      <Filter>Header Files</Filter>
    </ClInclude>
    <ClInclude Include="include\websocketpp\common\thread.hpp">
      <Filter>Header Files</Filter>
    </ClInclude>
    <ClInclude Include="include\websocketpp\common\time.hpp">
      <Filter>Header Files</Filter>
    </ClInclude>
    <ClInclude Include="include\websocketpp\common\type_traits.hpp">
      <Filter>Header Files</Filter>
    </ClInclude>
    <ClInclude Include="include\websocketpp\concurrency\basic.hpp">
      <Filter>Header Files</Filter>
    </ClInclude>
    <ClInclude Include="include\websocketpp\concurrency\none.hpp">
      <Filter>Header Files</Filter>
    </ClInclude>
    <ClInclude Include="include\websocketpp\config\asio.hpp">
      <Filter>Header Files</Filter>
    </ClInclude>
    <ClInclude Include="include\websocketpp\config\asio_client.hpp">
      <Filter>Header Files</Filter>
    </ClInclude>
    <ClInclude Include="include\websocketpp\config\asio_no_tls.hpp">
      <Filter>Header Files</Filter>
    </ClInclude>
    <ClInclude Include="include\websocketpp\config\asio_no_tls_client.hpp">
      <Filter>Header Files</Filter>
    </ClInclude>
    <ClInclude Include="include\websocketpp\config\boost_config.hpp">
      <Filter>Header Files</Filter>
    </ClInclude>
    <ClInclude Include="include\websocketpp\config\core.hpp">
      <Filter>Header Files</Filter>
    </ClInclude>
    <ClInclude Include="include\websocketpp\config\core_client.hpp">
      <Filter>Header Files</Filter>
    </ClInclude>
    <ClInclude Include="include\websocketpp\config\debug.hpp">
      <Filter>Header Files</Filter>
    </ClInclude>
    <ClInclude Include="include\websocketpp\config\debug_asio.hpp">
      <Filter>Header Files</Filter>
    </ClInclude>
    <ClInclude Include="include\websocketpp\config\debug_asio_no_tls.hpp">
      <Filter>Header Files</Filter>
    </ClInclude>
    <ClInclude Include="include\websocketpp\config\minimal_client.hpp">
      <Filter>Header Files</Filter>
    </ClInclude>
    <ClInclude Include="include\websocketpp\config\minimal_server.hpp">
      <Filter>Header Files</Filter>
    </ClInclude>
    <ClInclude Include="include\websocketpp\extensions\permessage_deflate\disabled.hpp">
      <Filter>Header Files</Filter>
    </ClInclude>
    <ClInclude Include="include\websocketpp\extensions\permessage_deflate\enabled.hpp">
      <Filter>Header Files</Filter>
    </ClInclude>
    <ClInclude Include="include\websocketpp\extensions\extension.hpp">
      <Filter>Header Files</Filter>
    </ClInclude>
    <ClInclude Include="include\websocketpp\http\impl\parser.hpp">
      <Filter>Header Files</Filter>
    </ClInclude>
    <ClInclude Include="include\websocketpp\http\impl\request.hpp">
      <Filter>Header Files</Filter>
    </ClInclude>
    <ClInclude Include="include\websocketpp\http\impl\response.hpp">
      <Filter>Header Files</Filter>
    </ClInclude>
    <ClInclude Include="include\websocketpp\http\constants.hpp">
      <Filter>Header Files</Filter>
    </ClInclude>
    <ClInclude Include="include\websocketpp\http\parser.hpp">
      <Filter>Header Files</Filter>
    </ClInclude>
    <ClInclude Include="include\websocketpp\http\request.hpp">
      <Filter>Header Files</Filter>
    </ClInclude>
    <ClInclude Include="include\websocketpp\http\response.hpp">
      <Filter>Header Files</Filter>
    </ClInclude>
    <ClInclude Include="include\websocketpp\impl\connection_impl.hpp">
      <Filter>Header Files</Filter>
    </ClInclude>
    <ClInclude Include="include\websocketpp\impl\endpoint_impl.hpp">
      <Filter>Header Files</Filter>
    </ClInclude>
    <ClInclude Include="include\websocketpp\impl\utilities_impl.hpp">
      <Filter>Header Files</Filter>
    </ClInclude>
    <ClInclude Include="include\websocketpp\logger\basic.hpp">
      <Filter>Header Files</Filter>
    </ClInclude>
    <ClInclude Include="include\websocketpp\logger\levels.hpp">
      <Filter>Header Files</Filter>
    </ClInclude>
    <ClInclude Include="include\websocketpp\logger\stub.hpp">
      <Filter>Header Files</Filter>
    </ClInclude>
    <ClInclude Include="include\websocketpp\logger\syslog.hpp">
      <Filter>Header Files</Filter>
    </ClInclude>
    <ClInclude Include="include\websocketpp\message_buffer\alloc.hpp">
      <Filter>Header Files</Filter>
    </ClInclude>
    <ClInclude Include="include\websocketpp\message_buffer\message.hpp">
      <Filter>Header Files</Filter>
    </ClInclude>
    <ClInclude Include="include\websocketpp\message_buffer\pool.hpp">
      <Filter>Header Files</Filter>
    </ClInclude>
    <ClInclude Include="include\websocketpp\processors\base.hpp">
      <Filter>Header Files</Filter>
    </ClInclude>
    <ClInclude Include="include\websocketpp\processors\hybi00.hpp">
      <Filter>Header Files</Filter>
    </ClInclude>
    <ClInclude Include="include\websocketpp\processors\hybi07.hpp">
      <Filter>Header Files</Filter>
    </ClInclude>
    <ClInclude Include="include\websocketpp\processors\hybi08.hpp">
      <Filter>Header Files</Filter>
    </ClInclude>
    <ClInclude Include="include\websocketpp\processors\hybi13.hpp">
      <Filter>Header Files</Filter>
    </ClInclude>
    <ClInclude Include="include\websocketpp\processors\processor.hpp">
      <Filter>Header Files</Filter>
    </ClInclude>
    <ClInclude Include="include\websocketpp\random\none.hpp">
      <Filter>Header Files</Filter>
    </ClInclude>
    <ClInclude Include="include\websocketpp\random\random_device.hpp">
      <Filter>Header Files</Filter>
    </ClInclude>
    <ClInclude Include="include\websocketpp\roles\client_endpoint.hpp">
      <Filter>Header Files</Filter>
    </ClInclude>
    <ClInclude Include="include\websocketpp\roles\server_endpoint.hpp">
      <Filter>Header Files</Filter>
    </ClInclude>
    <ClInclude Include="include\websocketpp\sha1\sha1.hpp">
      <Filter>Header Files</Filter>
    </ClInclude>
    <ClInclude Include="include\websocketpp\transport\asio\security\base.hpp">
      <Filter>Header Files</Filter>
    </ClInclude>
    <ClInclude Include="include\websocketpp\transport\asio\security\none.hpp">
      <Filter>Header Files</Filter>
    </ClInclude>
    <ClInclude Include="include\websocketpp\transport\asio\security\tls.hpp">
      <Filter>Header Files</Filter>
    </ClInclude>
    <ClInclude Include="include\websocketpp\transport\asio\base.hpp">
      <Filter>Header Files</Filter>
    </ClInclude>
    <ClInclude Include="include\websocketpp\transport\asio\connection.hpp">
      <Filter>Header Files</Filter>
    </ClInclude>
    <ClInclude Include="include\websocketpp\transport\asio\endpoint.hpp">
      <Filter>Header Files</Filter>
    </ClInclude>
    <ClInclude Include="include\websocketpp\transport\base\connection.hpp">
      <Filter>Header Files</Filter>
    </ClInclude>
    <ClInclude Include="include\websocketpp\transport\base\endpoint.hpp">
      <Filter>Header Files</Filter>
    </ClInclude>
    <ClInclude Include="include\websocketpp\transport\debug\base.hpp">
      <Filter>Header Files</Filter>
    </ClInclude>
    <ClInclude Include="include\websocketpp\transport\debug\connection.hpp">
      <Filter>Header Files</Filter>
    </ClInclude>
    <ClInclude Include="include\websocketpp\transport\debug\endpoint.hpp">
      <Filter>Header Files</Filter>
    </ClInclude>
    <ClInclude Include="include\websocketpp\transport\iostream\base.hpp">
      <Filter>Header Files</Filter>
    </ClInclude>
    <ClInclude Include="include\websocketpp\transport\iostream\connection.hpp">
      <Filter>Header Files</Filter>
    </ClInclude>
    <ClInclude Include="include\websocketpp\transport\iostream\endpoint.hpp">
      <Filter>Header Files</Filter>
    </ClInclude>
    <ClInclude Include="include\websocketpp\transport\stub\base.hpp">
      <Filter>Header Files</Filter>
    </ClInclude>
    <ClInclude Include="include\websocketpp\transport\stub\connection.hpp">
      <Filter>Header Files</Filter>
    </ClInclude>
    <ClInclude Include="include\websocketpp\transport\stub\endpoint.hpp">
      <Filter>Header Files</Filter>
    </ClInclude>
    <ClInclude Include="include\websocketpp\client.hpp">
      <Filter>Header Files</Filter>
    </ClInclude>
    <ClInclude Include="include\websocketpp\close.hpp">
      <Filter>Header Files</Filter>
    </ClInclude>
    <ClInclude Include="include\websocketpp\connection.hpp">
      <Filter>Header Files</Filter>
    </ClInclude>
    <ClInclude Include="include\websocketpp\connection_base.hpp">
      <Filter>Header Files</Filter>
    </ClInclude>
    <ClInclude Include="include\websocketpp\endpoint.hpp">
      <Filter>Header Files</Filter>
    </ClInclude>
    <ClInclude Include="include\websocketpp\endpoint_base.hpp">
      <Filter>Header Files</Filter>
    </ClInclude>
    <ClInclude Include="include\websocketpp\error.hpp">
      <Filter>Header Files</Filter>
    </ClInclude>
    <ClInclude Include="include\websocketpp\frame.hpp">
      <Filter>Header Files</Filter>
    </ClInclude>
    <ClInclude Include="include\websocketpp\server.hpp">
      <Filter>Header Files</Filter>
    </ClInclude>
    <ClInclude Include="include\websocketpp\uri.hpp">
      <Filter>Header Files</Filter>
    </ClInclude>
    <ClInclude Include="include\websocketpp\utf8_validator.hpp">
      <Filter>Header Files</Filter>
    </ClInclude>
    <ClInclude Include="include\websocketpp\utilities.hpp">
      <Filter>Header Files</Filter>
    </ClInclude>
    <ClInclude Include="include\websocketpp\version.hpp">
      <Filter>Header Files</Filter>
    </ClInclude>
  </ItemGroup>
  <ItemGroup>
    <None Include="packages.config" />
  </ItemGroup>
</Project>